
Microsoft Visual Studio Solution File, Format Version 12.00
# Visual Studio 2013
VisualStudioVersion = 12.0.21005.1
MinimumVisualStudioVersion = 10.0.40219.1
Project("{FAE04EC0-301F-11D3-BF4B-00C04F79EFBC}") = "stresscalc", "stresscalc\stresscalc.csproj", "{2B1B0AEB-596F-469A-BCDD-FD82AC21C945}"
EndProject
Project("{FAE04EC0-301F-11D3-BF4B-00C04F79EFBC}") = "stresscalc.Tests", "stresscalc.Tests\stresscalc.Tests.csproj", "{E7D54631-4D44-4556-8DB0-12D9591D0D7B}"
EndProject
Project("{FAE04EC0-301F-11D3-BF4B-00C04F79EFBC}") = "MvcCalculator", "MvcCalculator\MvcCalculator.csproj", "{80839D15-E883-493F-8117-EA2BA578AF49}"
EndProject
Project("{FAE04EC0-301F-11D3-BF4B-00C04F79EFBC}") = "Calculator.Core", "Calculator.Core\Calculator.Core.csproj", "{7E3DD520-A8DE-4B58-B14E-E5C8333A7897}"
EndProject
Project("{FAE04EC0-301F-11D3-BF4B-00C04F79EFBC}") = "Calculator.Repo", "Calculator.Repo\Calculator.Repo.csproj", "{AB0E0159-72FB-4620-AB35-7228AD0BE65B}"
EndProject
Project("{FAE04EC0-301F-11D3-BF4B-00C04F79EFBC}") = "Calculator.Entities", "Calculator.Entities\Calculator.Entities.csproj", "{E6916D53-9332-439B-8D15-85CB423286E3}"
EndProject
Project("{FAE04EC0-301F-11D3-BF4B-00C04F79EFBC}") = "Calculator.Repo.Abstract", "Calculator.Repo.Abstract\Calculator.Repo.Abstract.csproj", "{2B076642-E4FD-4B18-A2D1-789986520823}"
EndProject
Project("{FAE04EC0-301F-11D3-BF4B-00C04F79EFBC}") = "Calculator.Repo.EntityFramework", "Calculator.Repo.EntityFramework\Calculator.Repo.EntityFramework.csproj", "{2796EBE6-1EA9-49B4-9395-942D5C3B61BE}"
EndProject
Global
	GlobalSection(SolutionConfigurationPlatforms) = preSolution
		Debug|Any CPU = Debug|Any CPU
		Release|Any CPU = Release|Any CPU
	EndGlobalSection
	GlobalSection(ProjectConfigurationPlatforms) = postSolution
		{2B1B0AEB-596F-469A-BCDD-FD82AC21C945}.Debug|Any CPU.ActiveCfg = Debug|Any CPU
		{2B1B0AEB-596F-469A-BCDD-FD82AC21C945}.Debug|Any CPU.Build.0 = Debug|Any CPU
		{2B1B0AEB-596F-469A-BCDD-FD82AC21C945}.Release|Any CPU.ActiveCfg = Release|Any CPU
		{2B1B0AEB-596F-469A-BCDD-FD82AC21C945}.Release|Any CPU.Build.0 = Release|Any CPU
		{E7D54631-4D44-4556-8DB0-12D9591D0D7B}.Debug|Any CPU.ActiveCfg = Debug|Any CPU
		{E7D54631-4D44-4556-8DB0-12D9591D0D7B}.Debug|Any CPU.Build.0 = Debug|Any CPU
		{E7D54631-4D44-4556-8DB0-12D9591D0D7B}.Release|Any CPU.ActiveCfg = Release|Any CPU
		{E7D54631-4D44-4556-8DB0-12D9591D0D7B}.Release|Any CPU.Build.0 = Release|Any CPU
		{80839D15-E883-493F-8117-EA2BA578AF49}.Debug|Any CPU.ActiveCfg = Debug|Any CPU
		{80839D15-E883-493F-8117-EA2BA578AF49}.Debug|Any CPU.Build.0 = Debug|Any CPU
		{80839D15-E883-493F-8117-EA2BA578AF49}.Release|Any CPU.ActiveCfg = Release|Any CPU
		{80839D15-E883-493F-8117-EA2BA578AF49}.Release|Any CPU.Build.0 = Release|Any CPU
		{7E3DD520-A8DE-4B58-B14E-E5C8333A7897}.Debug|Any CPU.ActiveCfg = Debug|Any CPU
		{7E3DD520-A8DE-4B58-B14E-E5C8333A7897}.Debug|Any CPU.Build.0 = Debug|Any CPU
		{7E3DD520-A8DE-4B58-B14E-E5C8333A7897}.Release|Any CPU.ActiveCfg = Release|Any CPU
		{7E3DD520-A8DE-4B58-B14E-E5C8333A7897}.Release|Any CPU.Build.0 = Release|Any CPU
		{AB0E0159-72FB-4620-AB35-7228AD0BE65B}.Debug|Any CPU.ActiveCfg = Debug|Any CPU
		{AB0E0159-72FB-4620-AB35-7228AD0BE65B}.Debug|Any CPU.Build.0 = Debug|Any CPU
		{AB0E0159-72FB-4620-AB35-7228AD0BE65B}.Release|Any CPU.ActiveCfg = Release|Any CPU
		{AB0E0159-72FB-4620-AB35-7228AD0BE65B}.Release|Any CPU.Build.0 = Release|Any CPU
		{E6916D53-9332-439B-8D15-85CB423286E3}.Debug|Any CPU.ActiveCfg = Debug|Any CPU
		{E6916D53-9332-439B-8D15-85CB423286E3}.Debug|Any CPU.Build.0 = Debug|Any CPU
		{E6916D53-9332-439B-8D15-85CB423286E3}.Release|Any CPU.ActiveCfg = Release|Any CPU
		{E6916D53-9332-439B-8D15-85CB423286E3}.Release|Any CPU.Build.0 = Release|Any CPU
		{2B076642-E4FD-4B18-A2D1-789986520823}.Debug|Any CPU.ActiveCfg = Debug|Any CPU
		{2B076642-E4FD-4B18-A2D1-789986520823}.Debug|Any CPU.Build.0 = Debug|Any CPU
		{2B076642-E4FD-4B18-A2D1-789986520823}.Release|Any CPU.ActiveCfg = Release|Any CPU
		{2B076642-E4FD-4B18-A2D1-789986520823}.Release|Any CPU.Build.0 = Release|Any CPU
		{2796EBE6-1EA9-49B4-9395-942D5C3B61BE}.Debug|Any CPU.ActiveCfg = Debug|Any CPU
		{2796EBE6-1EA9-49B4-9395-942D5C3B61BE}.Debug|Any CPU.Build.0 = Debug|Any CPU
		{2796EBE6-1EA9-49B4-9395-942D5C3B61BE}.Release|Any CPU.ActiveCfg = Release|Any CPU
		{2796EBE6-1EA9-49B4-9395-942D5C3B61BE}.Release|Any CPU.Build.0 = Release|Any CPU
	EndGlobalSection
	GlobalSection(SolutionProperties) = preSolution
		HideSolutionNode = FALSE
	EndGlobalSection
EndGlobal
